
Microsoft Visual Studio Solution File, Format Version 10.00
# Visual Studio 2008
Project("{F184B08F-C81C-45F6-A57F-5ABD9991F28F}") = "firsttest", "firsttest.vbproj", "{AC55D9F4-8E80-4848-AAF4-4094E02BC3E6}"
EndProject
Global
	GlobalSection(SolutionConfigurationPlatforms) = preSolution
		Debug|Any CPU = Debug|Any CPU
		Release|Any CPU = Release|Any CPU
	EndGlobalSection
	GlobalSection(ProjectConfigurationPlatforms) = postSolution
		{AC55D9F4-8E80-4848-AAF4-4094E02BC3E6}.Debug|Any CPU.ActiveCfg = Debug|Any CPU
		{AC55D9F4-8E80-4848-AAF4-4094E02BC3E6}.Debug|Any CPU.Build.0 = Debug|Any CPU
		{AC55D9F4-8E80-4848-AAF4-4094E02BC3E6}.Release|Any CPU.ActiveCfg = Release|Any CPU
		{AC55D9F4-8E80-4848-AAF4-4094E02BC3E6}.Release|Any CPU.Build.0 = Release|Any CPU
	EndGlobalSection
	GlobalSection(SolutionProperties) = preSolution
		HideSolutionNode = FALSE
	EndGlobalSection
EndGlobal
